// !$*UTF8*$!
{
	archiveVersion = 1;
	classes = {
	};
	objectVersion = 50;
	objects = {

/* Begin PBXBuildFile section */
		392613B120ACCBFC00F3346A /* AppDelegate.swift in Sources */ = {isa = PBXBuildFile; fileRef = 392613B020ACCBFC00F3346A /* AppDelegate.swift */; };
		392613B320ACCBFC00F3346A /* ViewController.swift in Sources */ = {isa = PBXBuildFile; fileRef = 392613B220ACCBFC00F3346A /* ViewController.swift */; };
		392613B620ACCBFC00F3346A /* Main.storyboard in Resources */ = {isa = PBXBuildFile; fileRef = 392613B420ACCBFC00F3346A /* Main.storyboard */; };
		392613B820ACCBFD00F3346A /* Assets.xcassets in Resources */ = {isa = PBXBuildFile; fileRef = 392613B720ACCBFD00F3346A /* Assets.xcassets */; };
		392613BB20ACCBFD00F3346A /* LaunchScreen.storyboard in Resources */ = {isa = PBXBuildFile; fileRef = 392613B920ACCBFD00F3346A /* LaunchScreen.storyboard */; };
		392613C620ACCBFD00F3346A /* simple_signupTests.swift in Sources */ = {isa = PBXBuildFile; fileRef = 392613C520ACCBFD00F3346A /* simple_signupTests.swift */; };
		392613D120ACCBFE00F3346A /* simple_signupUITests.swift in Sources */ = {isa = PBXBuildFile; fileRef = 392613D020ACCBFE00F3346A /* simple_signupUITests.swift */; };
/* End PBXBuildFile section */

/* Begin PBXContainerItemProxy section */
		392613C220ACCBFD00F3346A /* PBXContainerItemProxy */ = {
			isa = PBXContainerItemProxy;
			containerPortal = 392613A520ACCBFB00F3346A /* Project object */;
			proxyType = 1;
			remoteGlobalIDString = 392613AC20ACCBFB00F3346A;
			remoteInfo = simple_signup;
		};
		392613CD20ACCBFD00F3346A /* PBXContainerItemProxy */ = {
			isa = PBXContainerItemProxy;
			containerPortal = 392613A520ACCBFB00F3346A /* Project object */;
			proxyType = 1;
			remoteGlobalIDString = 392613AC20ACCBFB00F3346A;
			remoteInfo = simple_signup;
		};
/* End PBXContainerItemProxy section */

/* Begin PBXFileReference section */
		392613AD20ACCBFB00F3346A /* simple_signup.app */ = {isa = PBXFileReference; explicitFileType = wrapper.application; includeInIndex = 0; path = simple_signup.app; sourceTree = BUILT_PRODUCTS_DIR; };
		392613B020ACCBFC00F3346A /* AppDelegate.swift */ = {isa = PBXFileReference; lastKnownFileType = sourcecode.swift; path = AppDelegate.swift; sourceTree = "<group>"; };
		392613B220ACCBFC00F3346A /* ViewController.swift */ = {isa = PBXFileReference; lastKnownFileType = sourcecode.swift; path = ViewController.swift; sourceTree = "<group>"; };
		392613B520ACCBFC00F3346A /* Base */ = {isa = PBXFileReference; lastKnownFileType = file.storyboard; name = Base; path = Base.lproj/Main.storyboard; sourceTree = "<group>"; };
		392613B720ACCBFD00F3346A /* Assets.xcassets */ = {isa = PBXFileReference; lastKnownFileType = folder.assetcatalog; path = Assets.xcassets; sourceTree = "<group>"; };
		392613BA20ACCBFD00F3346A /* Base */ = {isa = PBXFileReference; lastKnownFileType = file.storyboard; name = Base; path = Base.lproj/LaunchScreen.storyboard; sourceTree = "<group>"; };
		392613BC20ACCBFD00F3346A /* Info.plist */ = {isa = PBXFileReference; lastKnownFileType = text.plist.xml; path = Info.plist; sourceTree = "<group>"; };
		392613C120ACCBFD00F3346A /* simple_signupTests.xctest */ = {isa = PBXFileReference; explicitFileType = wrapper.cfbundle; includeInIndex = 0; path = simple_signupTests.xctest; sourceTree = BUILT_PRODUCTS_DIR; };
		392613C520ACCBFD00F3346A /* simple_signupTests.swift */ = {isa = PBXFileReference; lastKnownFileType = sourcecode.swift; path = simple_signupTests.swift; sourceTree = "<group>"; };
		392613C720ACCBFD00F3346A /* Info.plist */ = {isa = PBXFileReference; lastKnownFileType = text.plist.xml; path = Info.plist; sourceTree = "<group>"; };
		392613CC20ACCBFD00F3346A /* simple_signupUITests.xctest */ = {isa = PBXFileReference; explicitFileType = wrapper.cfbundle; includeInIndex = 0; path = simple_signupUITests.xctest; sourceTree = BUILT_PRODUCTS_DIR; };
		392613D020ACCBFE00F3346A /* simple_signupUITests.swift */ = {isa = PBXFileReference; lastKnownFileType = sourcecode.swift; path = simple_signupUITests.swift; sourceTree = "<group>"; };
		392613D220ACCBFE00F3346A /* Info.plist */ = {isa = PBXFileReference; lastKnownFileType = text.plist.xml; path = Info.plist; sourceTree = "<group>"; };
/* End PBXFileReference section */

/* Begin PBXFrameworksBuildPhase section */
		392613AA20ACCBFB00F3346A /* Frameworks */ = {
			isa = PBXFrameworksBuildPhase;
			buildActionMask = 2147483647;
			files = (
			);
			runOnlyForDeploymentPostprocessing = 0;
		};
		392613BE20ACCBFD00F3346A /* Frameworks */ = {
			isa = PBXFrameworksBuildPhase;
			buildActionMask = 2147483647;
			files = (
			);
			runOnlyForDeploymentPostprocessing = 0;
		};
		392613C920ACCBFD00F3346A /* Frameworks */ = {
			isa = PBXFrameworksBuildPhase;
			buildActionMask = 2147483647;
			files = (
			);
			runOnlyForDeploymentPostprocessing = 0;
		};
/* End PBXFrameworksBuildPhase section */

/* Begin PBXGroup section */
		392613A420ACCBFB00F3346A = {
			isa = PBXGroup;
			children = (
				392613AF20ACCBFB00F3346A /* simple_signup */,
				392613C420ACCBFD00F3346A /* simple_signupTests */,
				392613CF20ACCBFD00F3346A /* simple_signupUITests */,
				392613AE20ACCBFB00F3346A /* Products */,
			);
			sourceTree = "<group>";
		};
		392613AE20ACCBFB00F3346A /* Products */ = {
			isa = PBXGroup;
			children = (
				392613AD20ACCBFB00F3346A /* simple_signup.app */,
				392613C120ACCBFD00F3346A /* simple_signupTests.xctest */,
				392613CC20ACCBFD00F3346A /* simple_signupUITests.xctest */,
			);
			name = Products;
			sourceTree = "<group>";
		};
		392613AF20ACCBFB00F3346A /* simple_signup */ = {
			isa = PBXGroup;
			children = (
				392613B020ACCBFC00F3346A /* AppDelegate.swift */,
				392613B220ACCBFC00F3346A /* ViewController.swift */,
				392613B420ACCBFC00F3346A /* Main.storyboard */,
				392613B720ACCBFD00F3346A /* Assets.xcassets */,
				392613B920ACCBFD00F3346A /* LaunchScreen.storyboard */,
				392613BC20ACCBFD00F3346A /* Info.plist */,
			);
			path = simple_signup;
			sourceTree = "<group>";
		};
		392613C420ACCBFD00F3346A /* simple_signupTests */ = {
			isa = PBXGroup;
			children = (
				392613C520ACCBFD00F3346A /* simple_signupTests.swift */,
				392613C720ACCBFD00F3346A /* Info.plist */,
			);
			path = simple_signupTests;
			sourceTree = "<group>";
		};
		392613CF20ACCBFD00F3346A /* simple_signupUITests */ = {
			isa = PBXGroup;
			children = (
				392613D020ACCBFE00F3346A /* simple_signupUITests.swift */,
				392613D220ACCBFE00F3346A /* Info.plist */,
			);
			path = simple_signupUITests;
			sourceTree = "<group>";
		};
/* End PBXGroup section */

/* Begin PBXNativeTarget section */
		392613AC20ACCBFB00F3346A /* simple_signup */ = {
			isa = PBXNativeTarget;
			buildConfigurationList = 392613D520ACCBFE00F3346A /* Build configuration list for PBXNativeTarget "simple_signup" */;
			buildPhases = (
				392613A920ACCBFB00F3346A /* Sources */,
				392613AA20ACCBFB00F3346A /* Frameworks */,
				392613AB20ACCBFB00F3346A /* Resources */,
			);
			buildRules = (
			);
			dependencies = (
			);
			name = simple_signup;
			productName = simple_signup;
			productReference = 392613AD20ACCBFB00F3346A /* simple_signup.app */;
			productType = "com.apple.product-type.application";
		};
		392613C020ACCBFD00F3346A /* simple_signupTests */ = {
			isa = PBXNativeTarget;
			buildConfigurationList = 392613D820ACCBFE00F3346A /* Build configuration list for PBXNativeTarget "simple_signupTests" */;
			buildPhases = (
				392613BD20ACCBFD00F3346A /* Sources */,
				392613BE20ACCBFD00F3346A /* Frameworks */,
				392613BF20ACCBFD00F3346A /* Resources */,
			);
			buildRules = (
			);
			dependencies = (
				392613C320ACCBFD00F3346A /* PBXTargetDependency */,
			);
			name = simple_signupTests;
			productName = simple_signupTests;
			productReference = 392613C120ACCBFD00F3346A /* simple_signupTests.xctest */;
			productType = "com.apple.product-type.bundle.unit-test";
		};
		392613CB20ACCBFD00F3346A /* simple_signupUITests */ = {
			isa = PBXNativeTarget;
			buildConfigurationList = 392613DB20ACCBFE00F3346A /* Build configuration list for PBXNativeTarget "simple_signupUITests" */;
			buildPhases = (
				392613C820ACCBFD00F3346A /* Sources */,
				392613C920ACCBFD00F3346A /* Frameworks */,
				392613CA20ACCBFD00F3346A /* Resources */,
			);
			buildRules = (
			);
			dependencies = (
				392613CE20ACCBFD00F3346A /* PBXTargetDependency */,
			);
			name = simple_signupUITests;
			productName = simple_signupUITests;
			productReference = 392613CC20ACCBFD00F3346A /* simple_signupUITests.xctest */;
			productType = "com.apple.product-type.bundle.ui-testing";
		};
/* End PBXNativeTarget section */

/* Begin PBXProject section */
		392613A520ACCBFB00F3346A /* Project object */ = {
			isa = PBXProject;
			attributes = {
				LastSwiftUpdateCheck = 0930;
				LastUpgradeCheck = 0930;
				ORGANIZATIONNAME = Abhijeet;
				TargetAttributes = {
					392613AC20ACCBFB00F3346A = {
						CreatedOnToolsVersion = 9.3.1;
					};
					392613C020ACCBFD00F3346A = {
						CreatedOnToolsVersion = 9.3.1;
						TestTargetID = 392613AC20ACCBFB00F3346A;
					};
					392613CB20ACCBFD00F3346A = {
						CreatedOnToolsVersion = 9.3.1;
						TestTargetID = 392613AC20ACCBFB00F3346A;
					};
				};
			};
			buildConfigurationList = 392613A820ACCBFB00F3346A /* Build configuration list for PBXProject "simple_signup" */;
			compatibilityVersion = "Xcode 9.3";
			developmentRegion = en;
			hasScannedForEncodings = 0;
			knownRegions = (
				en,
				Base,
			);
			mainGroup = 392613A420ACCBFB00F3346A;
			productRefGroup = 392613AE20ACCBFB00F3346A /* Products */;
			projectDirPath = "";
			projectRoot = "";
			targets = (
				392613AC20ACCBFB00F3346A /* simple_signup */,
				392613C020ACCBFD00F3346A /* simple_signupTests */,
				392613CB20ACCBFD00F3346A /* simple_signupUITests */,
			);
		};
/* End PBXProject section */

/* Begin PBXResourcesBuildPhase section */
		392613AB20ACCBFB00F3346A /* Resources */ = {
			isa = PBXResourcesBuildPhase;
			buildActionMask = 2147483647;
			files = (
				392613BB20ACCBFD00F3346A /* LaunchScreen.storyboard in Resources */,
				392613B820ACCBFD00F3346A /* Assets.xcassets in Resources */,
				392613B620ACCBFC00F3346A /* Main.storyboard in Resources */,
			);
			runOnlyForDeploymentPostprocessing = 0;
		};
		392613BF20ACCBFD00F3346A /* Resources */ = {
			isa = PBXResourcesBuildPhase;
			buildActionMask = 2147483647;
			files = (
			);
			runOnlyForDeploymentPostprocessing = 0;
		};
		392613CA20ACCBFD00F3346A /* Resources */ = {
			isa = PBXResourcesBuildPhase;
			buildActionMask = 2147483647;
			files = (
			);
			runOnlyForDeploymentPostprocessing = 0;
		};
/* End PBXResourcesBuildPhase section */

/* Begin PBXSourcesBuildPhase section */
		392613A920ACCBFB00F3346A /* Sources */ = {
			isa = PBXSourcesBuildPhase;
			buildActionMask = 2147483647;
			files = (
				392613B320ACCBFC00F3346A /* ViewController.swift in Sources */,
				392613B120ACCBFC00F3346A /* AppDelegate.swift in Sources */,
			);
			runOnlyForDeploymentPostprocessing = 0;
		};
		392613BD20ACCBFD00F3346A /* Sources */ = {
			isa = PBXSourcesBuildPhase;
			buildActionMask = 2147483647;
			files = (
				392613C620ACCBFD00F3346A /* simple_signupTests.swift in Sources */,
			);
			runOnlyForDeploymentPostprocessing = 0;
		};
		392613C820ACCBFD00F3346A /* Sources */ = {
			isa = PBXSourcesBuildPhase;
			buildActionMask = 2147483647;
			files = (
				392613D120ACCBFE00F3346A /* simple_signupUITests.swift in Sources */,
			);
			runOnlyForDeploymentPostprocessing = 0;
		};
/* End PBXSourcesBuildPhase section */

/* Begin PBXTargetDependency section */
		392613C320ACCBFD00F3346A /* PBXTargetDependency */ = {
			isa = PBXTargetDependency;
			target = 392613AC20ACCBFB00F3346A /* simple_signup */;
			targetProxy = 392613C220ACCBFD00F3346A /* PBXContainerItemProxy */;
		};
		392613CE20ACCBFD00F3346A /* PBXTargetDependency */ = {
			isa = PBXTargetDependency;
			target = 392613AC20ACCBFB00F3346A /* simple_signup */;
			targetProxy = 392613CD20ACCBFD00F3346A /* PBXContainerItemProxy */;
		};
/* End PBXTargetDependency section */

/* Begin PBXVariantGroup section */
		392613B420ACCBFC00F3346A /* Main.storyboard */ = {
			isa = PBXVariantGroup;
			children = (
				392613B520ACCBFC00F3346A /* Base */,
			);
			name = Main.storyboard;
			sourceTree = "<group>";
		};
		392613B920ACCBFD00F3346A /* LaunchScreen.storyboard */ = {
			isa = PBXVariantGroup;
			children = (
				392613BA20ACCBFD00F3346A /* Base */,
			);
			name = LaunchScreen.storyboard;
			sourceTree = "<group>";
		};
/* End PBXVariantGroup section */

/* Begin XCBuildConfiguration section */
		392613D320ACCBFE00F3346A /* Debug */ = {
			isa = XCBuildConfiguration;
			buildSettings = {
				ALWAYS_SEARCH_USER_PATHS = NO;
				CLANG_ANALYZER_NONNULL = YES;
				CLANG_ANALYZER_NUMBER_OBJECT_CONVERSION = YES_AGGRESSIVE;
				CLANG_CXX_LANGUAGE_STANDARD = "gnu++14";
				CLANG_CXX_LIBRARY = "libc++";
				CLANG_ENABLE_MODULES = YES;
				CLANG_ENABLE_OBJC_ARC = YES;
				CLANG_ENABLE_OBJC_WEAK = YES;
				CLANG_WARN_BLOCK_CAPTURE_AUTORELEASING = YES;
				CLANG_WARN_BOOL_CONVERSION = YES;
				CLANG_WARN_COMMA = YES;
				CLANG_WARN_CONSTANT_CONVERSION = YES;
				CLANG_WARN_DEPRECATED_OBJC_IMPLEMENTATIONS = YES;
				CLANG_WARN_DIRECT_OBJC_ISA_USAGE = YES_ERROR;
				CLANG_WARN_DOCUMENTATION_COMMENTS = YES;
				CLANG_WARN_EMPTY_BODY = YES;
				CLANG_WARN_ENUM_CONVERSION = YES;
				CLANG_WARN_INFINITE_RECURSION = YES;
				CLANG_WARN_INT_CONVERSION = YES;
				CLANG_WARN_NON_LITERAL_NULL_CONVERSION = YES;
				CLANG_WARN_OBJC_IMPLICIT_RETAIN_SELF = YES;
				CLANG_WARN_OBJC_LITERAL_CONVERSION = YES;
				CLANG_WARN_OBJC_ROOT_CLASS = YES_ERROR;
				CLANG_WARN_RANGE_LOOP_ANALYSIS = YES;
				CLANG_WARN_STRICT_PROTOTYPES = YES;
				CLANG_WARN_SUSPICIOUS_MOVE = YES;
				CLANG_WARN_UNGUARDED_AVAILABILITY = YES_AGGRESSIVE;
				CLANG_WARN_UNREACHABLE_CODE = YES;
				CLANG_WARN__DUPLICATE_METHOD_MATCH = YES;
				CODE_SIGN_IDENTITY = "iPhone Developer";
				COPY_PHASE_STRIP = NO;
				DEBUG_INFORMATION_FORMAT = dwarf;
				ENABLE_STRICT_OBJC_MSGSEND = YES;
				ENABLE_TESTABILITY = YES;
				GCC_C_LANGUAGE_STANDARD = gnu11;
				GCC_DYNAMIC_NO_PIC = NO;
				GCC_NO_COMMON_BLOCKS = YES;
				GCC_OPTIMIZATION_LEVEL = 0;
				GCC_PREPROCESSOR_DEFINITIONS = (
					"DEBUG=1",
					"$(inherited)",
				);
				GCC_WARN_64_TO_32_BIT_CONVERSION = YES;
				GCC_WARN_ABOUT_RETURN_TYPE = YES_ERROR;
				GCC_WARN_UNDECLARED_SELECTOR = YES;
				GCC_WARN_UNINITIALIZED_AUTOS = YES_AGGRESSIVE;
				GCC_WARN_UNUSED_FUNCTION = YES;
				GCC_WARN_UNUSED_VARIABLE = YES;
				IPHONEOS_DEPLOYMENT_TARGET = 11.3;
				MTL_ENABLE_DEBUG_INFO = YES;
				ONLY_ACTIVE_ARCH = YES;
				SDKROOT = iphoneos;
				SWIFT_ACTIVE_COMPILATION_CONDITIONS = DEBUG;
				SWIFT_OPTIMIZATION_LEVEL = "-Onone";
			};
			name = Debug;
		};
		392613D420ACCBFE00F3346A /* Release */ = {
			isa = XCBuildConfiguration;
			buildSettings = {
				ALWAYS_SEARCH_USER_PATHS = NO;
				CLANG_ANALYZER_NONNULL = YES;
				CLANG_ANALYZER_NUMBER_OBJECT_CONVERSION = YES_AGGRESSIVE;
				CLANG_CXX_LANGUAGE_STANDARD = "gnu++14";
				CLANG_CXX_LIBRARY = "libc++";
				CLANG_ENABLE_MODULES = YES;
				CLANG_ENABLE_OBJC_ARC = YES;
				CLANG_ENABLE_OBJC_WEAK = YES;
				CLANG_WARN_BLOCK_CAPTURE_AUTORELEASING = YES;
				CLANG_WARN_BOOL_CONVERSION = YES;
				CLANG_WARN_COMMA = YES;
				CLANG_WARN_CONSTANT_CONVERSION = YES;
				CLANG_WARN_DEPRECATED_OBJC_IMPLEMENTATIONS = YES;
				CLANG_WARN_DIRECT_OBJC_ISA_USAGE = YES_ERROR;
				CLANG_WARN_DOCUMENTATION_COMMENTS = YES;
				CLANG_WARN_EMPTY_BODY = YES;
				CLANG_WARN_ENUM_CONVERSION = YES;
				CLANG_WARN_INFINITE_RECURSION = YES;
				CLANG_WARN_INT_CONVERSION = YES;
				CLANG_WARN_NON_LITERAL_NULL_CONVERSION = YES;
				CLANG_WARN_OBJC_IMPLICIT_RETAIN_SELF = YES;
				CLANG_WARN_OBJC_LITERAL_CONVERSION = YES;
				CLANG_WARN_OBJC_ROOT_CLASS = YES_ERROR;
				CLANG_WARN_RANGE_LOOP_ANALYSIS = YES;
				CLANG_WARN_STRICT_PROTOTYPES = YES;
				CLANG_WARN_SUSPICIOUS_MOVE = YES;
				CLANG_WARN_UNGUARDED_AVAILABILITY = YES_AGGRESSIVE;
				CLANG_WARN_UNREACHABLE_CODE = YES;
				CLANG_WARN__DUPLICATE_METHOD_MATCH = YES;
				CODE_SIGN_IDENTITY = "iPhone Developer";
				COPY_PHASE_STRIP = NO;
				DEBUG_INFORMATION_FORMAT = "dwarf-with-dsym";
				ENABLE_NS_ASSERTIONS = NO;
				ENABLE_STRICT_OBJC_MSGSEND = YES;
				GCC_C_LANGUAGE_STANDARD = gnu11;
				GCC_NO_COMMON_BLOCKS = YES;
				GCC_WARN_64_TO_32_BIT_CONVERSION = YES;
				GCC_WARN_ABOUT_RETURN_TYPE = YES_ERROR;
				GCC_WARN_UNDECLARED_SELECTOR = YES;
				GCC_WARN_UNINITIALIZED_AUTOS = YES_AGGRESSIVE;
				GCC_WARN_UNUSED_FUNCTION = YES;
				GCC_WARN_UNUSED_VARIABLE = YES;
				IPHONEOS_DEPLOYMENT_TARGET = 11.3;
				MTL_ENABLE_DEBUG_INFO = NO;
				SDKROOT = iphoneos;
				SWIFT_COMPILATION_MODE = wholemodule;
				SWIFT_OPTIMIZATION_LEVEL = "-O";
				VALIDATE_PRODUCT = YES;
			};
			name = Release;
		};
		392613D620ACCBFE00F3346A /* Debug */ = {
			isa = XCBuildConfiguration;
			buildSettings = {
				ASSETCATALOG_COMPILER_APPICON_NAME = AppIcon;
				CODE_SIGN_STYLE = Automatic;
				DEVELOPMENT_TEAM = 4EJULSA33T;
				INFOPLIST_FILE = simple_signup/Info.plist;
				LD_RUNPATH_SEARCH_PATHS = (
					"$(inherited)",
					"@executable_path/Frameworks",
				);
				PRODUCT_BUNDLE_IDENTIFIER = "com.philansys.simple-signup";
				PRODUCT_NAME = "$(TARGET_NAME)";
				SWIFT_VERSION = 4.0;
				TARGETED_DEVICE_FAMILY = "1,2";
			};
			name = Debug;
		};
		392613D720ACCBFE00F3346A /* Release */ = {
			isa = XCBuildConfiguration;
			buildSettings = {
				ASSETCATALOG_COMPILER_APPICON_NAME = AppIcon;
				CODE_SIGN_STYLE = Automatic;
				DEVELOPMENT_TEAM = 4EJULSA33T;
				INFOPLIST_FILE = simple_signup/Info.plist;
				LD_RUNPATH_SEARCH_PATHS = (
					"$(inherited)",
					"@executable_path/Frameworks",
				);
				PRODUCT_BUNDLE_IDENTIFIER = "com.philansys.simple-signup";
				PRODUCT_NAME = "$(TARGET_NAME)";
				SWIFT_VERSION = 4.0;
				TARGETED_DEVICE_FAMILY = "1,2";
			};
			name = Release;
		};
		392613D920ACCBFE00F3346A /* Debug */ = {
			isa = XCBuildConfiguration;
			buildSettings = {
				ALWAYS_EMBED_SWIFT_STANDARD_LIBRARIES = YES;
				BUNDLE_LOADER = "$(TEST_HOST)";
				CODE_SIGN_STYLE = Automatic;
				DEVELOPMENT_TEAM = 4EJULSA33T;
				INFOPLIST_FILE = simple_signupTests/Info.plist;
				LD_RUNPATH_SEARCH_PATHS = (
					"$(inherited)",
					"@executable_path/Frameworks",
					"@loader_path/Frameworks",
				);
				PRODUCT_BUNDLE_IDENTIFIER = "com.philansys.simple-signupTests";
				PRODUCT_NAME = "$(TARGET_NAME)";
				SWIFT_VERSION = 4.0;
				TARGETED_DEVICE_FAMILY = "1,2";
				TEST_HOST = "$(BUILT_PRODUCTS_DIR)/simple_signup.app/simple_signup";
			};
			name = Debug;
		};
		392613DA20ACCBFE00F3346A /* Release */ = {
			isa = XCBuildConfiguration;
			buildSettings = {
				ALWAYS_EMBED_SWIFT_STANDARD_LIBRARIES = YES;
				BUNDLE_LOADER = "$(TEST_HOST)";
				CODE_SIGN_STYLE = Automatic;
				DEVELOPMENT_TEAM = 4EJULSA33T;
				INFOPLIST_FILE = simple_signupTests/Info.plist;
				LD_RUNPATH_SEARCH_PATHS = (
					"$(inherited)",
					"@executable_path/Frameworks",
					"@loader_path/Frameworks",
				);
				PRODUCT_BUNDLE_IDENTIFIER = "com.philansys.simple-signupTests";
				PRODUCT_NAME = "$(TARGET_NAME)";
				SWIFT_VERSION = 4.0;
				TARGETED_DEVICE_FAMILY = "1,2";
				TEST_HOST = "$(BUILT_PRODUCTS_DIR)/simple_signup.app/simple_signup";
			};
			name = Release;
		};
		392613DC20ACCBFE00F3346A /* Debug */ = {
			isa = XCBuildConfiguration;
			buildSettings = {
				ALWAYS_EMBED_SWIFT_STANDARD_LIBRARIES = YES;
				CODE_SIGN_STYLE = Automatic;
				DEVELOPMENT_TEAM = 4EJULSA33T;
				INFOPLIST_FILE = simple_signupUITests/Info.plist;
				LD_RUNPATH_SEARCH_PATHS = (
					"$(inherited)",
					"@executable_path/Frameworks",
					"@loader_path/Frameworks",
				);
				PRODUCT_BUNDLE_IDENTIFIER = "com.philansys.simple-signupUITests";
				PRODUCT_NAME = "$(TARGET_NAME)";
				SWIFT_VERSION = 4.0;
				TARGETED_DEVICE_FAMILY = "1,2";
				TEST_TARGET_NAME = simple_signup;
			};
			name = Debug;
		};
		392613DD20ACCBFE00F3346A /* Release */ = {
			isa = XCBuildConfiguration;
			buildSettings = {
				ALWAYS_EMBED_SWIFT_STANDARD_LIBRARIES = YES;
				CODE_SIGN_STYLE = Automatic;
				DEVELOPMENT_TEAM = 4EJULSA33T;
				INFOPLIST_FILE = simple_signupUITests/Info.plist;
				LD_RUNPATH_SEARCH_PATHS = (
					"$(inherited)",
					"@executable_path/Frameworks",
					"@loader_path/Frameworks",
				);
				PRODUCT_BUNDLE_IDENTIFIER = "com.philansys.simple-signupUITests";
				PRODUCT_NAME = "$(TARGET_NAME)";
				SWIFT_VERSION = 4.0;
				TARGETED_DEVICE_FAMILY = "1,2";
				TEST_TARGET_NAME = simple_signup;
			};
			name = Release;
		};
/* End XCBuildConfiguration section */

/* Begin XCConfigurationList section */
		392613A820ACCBFB00F3346A /* Build configuration list for PBXProject "simple_signup" */ = {
			isa = XCConfigurationList;
			buildConfigurations = (
				392613D320ACCBFE00F3346A /* Debug */,
				392613D420ACCBFE00F3346A /* Release */,
			);
			defaultConfigurationIsVisible = 0;
			defaultConfigurationName = Release;
		};
		392613D520ACCBFE00F3346A /* Build configuration list for PBXNativeTarget "simple_signup" */ = {
			isa = XCConfigurationList;
			buildConfigurations = (
				392613D620ACCBFE00F3346A /* Debug */,
				392613D720ACCBFE00F3346A /* Release */,
			);
			defaultConfigurationIsVisible = 0;
			defaultConfigurationName = Release;
		};
		392613D820ACCBFE00F3346A /* Build configuration list for PBXNativeTarget "simple_signupTests" */ = {
			isa = XCConfigurationList;
			buildConfigurations = (
				392613D920ACCBFE00F3346A /* Debug */,
				392613DA20ACCBFE00F3346A /* Release */,
			);
			defaultConfigurationIsVisible = 0;
			defaultConfigurationName = Release;
		};
		392613DB20ACCBFE00F3346A /* Build configuration list for PBXNativeTarget "simple_signupUITests" */ = {
			isa = XCConfigurationList;
			buildConfigurations = (
				392613DC20ACCBFE00F3346A /* Debug */,
				392613DD20ACCBFE00F3346A /* Release */,
			);
			defaultConfigurationIsVisible = 0;
			defaultConfigurationName = Release;
		};
/* End XCConfigurationList section */
	};
	rootObject = 392613A520ACCBFB00F3346A /* Project object */;
}
